
Microsoft Visual Studio Solution File, Format Version 12.00
# Visual Studio 15
VisualStudioVersion = 15.0.28307.645
MinimumVisualStudioVersion = 10.0.40219.1
Project("{FAE04EC0-301F-11D3-BF4B-00C04F79EFBC}") = "Pololetni_prace_Kocis.Android", "Pololetni_prace_Kocis\Pololetni_prace_Kocis.Android\Pololetni_prace_Kocis.Android.csproj", "{71A1D2BF-6FAF-4F9E-9634-5C38AC76D11C}"
EndProject
Project("{FAE04EC0-301F-11D3-BF4B-00C04F79EFBC}") = "Pololetni_prace_Kocis", "Pololetni_prace_Kocis\Pololetni_prace_Kocis\Pololetni_prace_Kocis.csproj", "{EA469275-85F8-42F4-A1BE-07A9311C35DD}"
EndProject
Global
	GlobalSection(SolutionConfigurationPlatforms) = preSolution
		Debug|Any CPU = Debug|Any CPU
		Release|Any CPU = Release|Any CPU
	EndGlobalSection
	GlobalSection(ProjectConfigurationPlatforms) = postSolution
		{71A1D2BF-6FAF-4F9E-9634-5C38AC76D11C}.Debug|Any CPU.ActiveCfg = Debug|Any CPU
		{71A1D2BF-6FAF-4F9E-9634-5C38AC76D11C}.Debug|Any CPU.Build.0 = Debug|Any CPU
		{71A1D2BF-6FAF-4F9E-9634-5C38AC76D11C}.Debug|Any CPU.Deploy.0 = Debug|Any CPU
		{71A1D2BF-6FAF-4F9E-9634-5C38AC76D11C}.Release|Any CPU.ActiveCfg = Release|Any CPU
		{71A1D2BF-6FAF-4F9E-9634-5C38AC76D11C}.Release|Any CPU.Build.0 = Release|Any CPU
		{71A1D2BF-6FAF-4F9E-9634-5C38AC76D11C}.Release|Any CPU.Deploy.0 = Release|Any CPU
		{EA469275-85F8-42F4-A1BE-07A9311C35DD}.Debug|Any CPU.ActiveCfg = Debug|Any CPU
		{EA469275-85F8-42F4-A1BE-07A9311C35DD}.Debug|Any CPU.Build.0 = Debug|Any CPU
		{EA469275-85F8-42F4-A1BE-07A9311C35DD}.Debug|Any CPU.Deploy.0 = Debug|Any CPU
		{EA469275-85F8-42F4-A1BE-07A9311C35DD}.Release|Any CPU.ActiveCfg = Release|Any CPU
		{EA469275-85F8-42F4-A1BE-07A9311C35DD}.Release|Any CPU.Build.0 = Release|Any CPU
		{EA469275-85F8-42F4-A1BE-07A9311C35DD}.Release|Any CPU.Deploy.0 = Release|Any CPU
	EndGlobalSection
	GlobalSection(SolutionProperties) = preSolution
		HideSolutionNode = FALSE
	EndGlobalSection
	GlobalSection(ExtensibilityGlobals) = postSolution
		SolutionGuid = {C72DAE12-679B-413E-BBD2-A532BB3C31BE}
	EndGlobalSection
EndGlobal
